
Microsoft Visual Studio Solution File, Format Version 12.00
# Visual Studio Version 17
VisualStudioVersion = 17.2.32519.379
MinimumVisualStudioVersion = 10.0.40219.1
Project("{8BC9CEB8-8B4A-11D0-8D11-00A0C91BC942}") = "TextureMemory", "TextureMemory\TextureMemory.vcxproj", "{4E89FD6B-7111-4512-8EBE-FE3C94CA706B}"
EndProject
Global
	GlobalSection(SolutionConfigurationPlatforms) = preSolution
		Debug|x64 = Debug|x64
		Release|x64 = Release|x64
	EndGlobalSection
	GlobalSection(ProjectConfigurationPlatforms) = postSolution
		{4E89FD6B-7111-4512-8EBE-FE3C94CA706B}.Debug|x64.ActiveCfg = Debug|x64
		{4E89FD6B-7111-4512-8EBE-FE3C94CA706B}.Debug|x64.Build.0 = Debug|x64
		{4E89FD6B-7111-4512-8EBE-FE3C94CA706B}.Release|x64.ActiveCfg = Release|x64
		{4E89FD6B-7111-4512-8EBE-FE3C94CA706B}.Release|x64.Build.0 = Release|x64
	EndGlobalSection
	GlobalSection(SolutionProperties) = preSolution
		HideSolutionNode = FALSE
	EndGlobalSection
	GlobalSection(ExtensibilityGlobals) = postSolution
		SolutionGuid = {BBE53D86-65D5-4752-BDE2-2AB9902F5268}
	EndGlobalSection
EndGlobal
